{
  "version": 2,
  "dependencies": {
    "net8.0": {
      "Npgsql": {
        "type": "Direct",
        "requested": "[8.0.5, )",
        "resolved": "8.0.5",
        "contentHash": "zRG5V8cyeZLpzJlKzFKjEwkRMYIYnHWJvEor2lWXeccS2E1G2nIWYYhnukB51iz5XsWSVEtqg3AxTWM0QJ6vfg==",
        "dependencies": {
          "Microsoft.Extensions.Logging.Abstractions": "8.0.0"
        }
      },
      "TorchSharp-cpu": {
        "type": "Direct",
        "requested": "[0.107.0, )",
        "resolved": "0.107.0",
        "contentHash": "dzpTJgT62/T1mf0gQnXOE5vnwbRjMiy2lD0Pct8pM1i0RYX/xn+gQFMFSmyWTu3jzuMiSaqrb0cB73BUo2mVPw==",
        "dependencies": {
          "TorchSharp": "0.107.0",
          "libtorch-cpu": "2.10.0"
        }
      },
      "Google.Protobuf": {
        "type": "Transitive",
        "resolved": "3.21.9",
        "contentHash": "OTpFujTgkmqMLbg3KT7F/iuKi1rg6s5FCS2M9XcVLDn40zL8wgXm37CY/F6MeOEXKjdcnXGCN/h7oyMkVydVsg=="
      },
      "libtorch-cpu": {
        "type": "Transitive",
        "resolved": "2.10.0",
        "contentHash": "l+EdO81f/ebdqY2fvKM11MRYJOeFI5LqUFTHBK+DCCjEkmsKfY3T7t9cOhp6a495XyTsnQzfdOTyjPafQYe+wA==",
        "dependencies": {
          "libtorch-cpu-linux-x64": "2.10.0",
          "libtorch-cpu-osx-arm64": "2.10.0",
          "libtorch-cpu-win-x64": "2.10.0"
        }
      },
      "libtorch-cpu-linux-x64": {
        "type": "Transitive",
        "resolved": "2.10.0",
        "contentHash": "YGd/F5T77Urmui3LeXOgXP8xqY+RpSZFcMBwV+tBDYMMtxppKyi8O4ajnWSNSmlSctr6KGvSmfGRhmxRGYfbuA=="
      },
      "libtorch-cpu-osx-arm64": {
        "type": "Transitive",
        "resolved": "2.10.0",
        "contentHash": "i8aTC3F+7JI65Jdr4MfgdVdZpFU/FCn2G1b/yc4Z8FauDgpc2cji3mwDfQy+3KdD+rpDBgCiAdqs8o0v7mDNXw=="
      },
      "libtorch-cpu-win-x64": {
        "type": "Transitive",
        "resolved": "2.10.0",
        "contentHash": "Gr1gCbueixwQIEnWiMXyAs4/uAFBar03K+AxZm9BY3t17MFaX9rEIe9Vxz+Cguo9G6dXXOeGAO3W1OEhax74Mw=="
      },
      "Microsoft.Extensions.DependencyInjection.Abstractions": {
        "type": "Transitive",
        "resolved": "8.0.0",
        "contentHash": "cjWrLkJXK0rs4zofsK4bSdg+jhDLTaxrkXu4gS6Y7MAlCvRyNNgwY/lJi5RDlQOnSZweHqoyvgvbdvQsRIW+hg=="
      },
      "Microsoft.Extensions.Logging.Abstractions": {
        "type": "Transitive",
        "resolved": "8.0.0",
        "contentHash": "arDBqTgFCyS0EvRV7O3MZturChstm50OJ0y9bDJvAcmEPJm0FFpFyjU/JLYyStNGGey081DvnQYlncNX5SJJGA==",
        "dependencies": {
          "Microsoft.Extensions.DependencyInjection.Abstractions": "8.0.0"
        }
      },
      "SharpZipLib": {
        "type": "Transitive",
        "resolved": "1.4.0",
        "contentHash": "CdkbBSPIpHD8xBlu+8kDJiqc1Tf9iV89BObnqcvEbwysXSj5h1MfaeLgeeaxPZmi7CTJO8FDofBBNxBW0Vml7A=="
      },
      "SkiaSharp": {
        "type": "Transitive",
        "resolved": "2.88.6",
        "contentHash": "wdfeBAQrEQCbJIRgAiargzP1Uy+0grZiG4CSgBnhAgcJTsPzlifIaO73JRdwIlT3TyBoeU9jEqzwFUhl4hTYnQ==",
        "dependencies": {
          "SkiaSharp.NativeAssets.Win32": "2.88.6",
          "SkiaSharp.NativeAssets.macOS": "2.88.6"
        }
      },
      "SkiaSharp.NativeAssets.macOS": {
        "type": "Transitive",
        "resolved": "2.88.6",
        "contentHash": "Sko9LFxRXSjb3OGh5/RxrVRXxYo48tr5NKuuSy6jB85GrYt8WRqVY1iLOLwtjPiVAt4cp+pyD4i30azanS64dw=="
      },
      "SkiaSharp.NativeAssets.Win32": {
        "type": "Transitive",
        "resolved": "2.88.6",
        "contentHash": "7TzFO0u/g2MpQsTty4fyCDdMcfcWI+aLswwfnYXr3gtNS6VLKdMXPMeKpJa3pJSLnUBN6wD0JjuCe8OoLBQ6cQ=="
      },
      "System.Memory": {
        "type": "Transitive",
        "resolved": "4.5.5",
        "contentHash": "XIWiDvKPXaTveaB7HVganDlOCRoj03l+jrwNvcge/t8vhGYKvqV+dMv6G4SAX2NoNmN0wZfVPTAlFwZcZvVOUw=="
      },
      "c2-pcg.flow-matching-dataloader": {
        "type": "Project",
        "dependencies": {
          "TorchSharp-cpu": "[0.107.0, )"
        }
      },
      "c2-pcg.flow-matching-eval": {
        "type": "Project",
        "dependencies": {
          "SixLabors.ImageSharp": "[3.1.12, )",
          "TorchSharp-cpu": "[0.107.0, )",
          "c2-pcg.flow-matching-dataloader": "[1.0.0, )"
        }
      },
      "c2-pcg.flow-matching-inference": {
        "type": "Project",
        "dependencies": {
          "TorchSharp-cpu": "[0.107.0, )",
          "c2-pcg.flow-matching-dataloader": "[1.0.0, )",
          "c2-pcg.flow-matching-model": "[1.0.0, )"
        }
      },
      "c2-pcg.flow-matching-model": {
        "type": "Project",
        "dependencies": {
          "TorchSharp-cpu": "[0.107.0, )",
          "c2-pcg.flow-matching-dataloader": "[1.0.0, )"
        }
      },
      "SixLabors.ImageSharp": {
        "type": "CentralTransitive",
        "requested": "[3.1.12, )",
        "resolved": "3.1.12",
        "contentHash": "iAg6zifihXEFS/t7fiHhZBGAdCp3FavsF4i2ZIDp0JfeYeDVzvmlbY1CNhhIKimaIzrzSi5M/NBFcWvZT2rB/A=="
      },
      "TorchSharp": {
        "type": "CentralTransitive",
        "requested": "[0.107.0, )",
        "resolved": "0.107.0",
        "contentHash": "HGxs37FGN+JNuLiSeAqc6jGwjDuZepEkq7+FYv1ideNoYy1VsUpky9JEDKviwbR/vCXHLjOwdzHVzJv/snyLwA==",
        "dependencies": {
          "Google.Protobuf": "3.21.9",
          "SharpZipLib": "1.4.0",
          "SkiaSharp": "2.88.6",
          "System.Memory": "4.5.5"
        }
      }
    }
  }
}